
Microsoft Visual Studio Solution File, Format Version 12.00
# Visual Studio Version 17
VisualStudioVersion = 17.14.36623.8 d17.14
MinimumVisualStudioVersion = 10.0.40219.1
Project("{FAE04EC0-301F-11D3-BF4B-00C04F79EFBC}") = "proyectoprogramacion2", "proyectoprogramacion2.csproj", "{818E463A-D914-4029-ABBF-EB839C73674D}"
EndProject
Global
	GlobalSection(SolutionConfigurationPlatforms) = preSolution
		Debug|Any CPU = Debug|Any CPU
		Release|Any CPU = Release|Any CPU
	EndGlobalSection
	GlobalSection(ProjectConfigurationPlatforms) = postSolution
		{818E463A-D914-4029-ABBF-EB839C73674D}.Debug|Any CPU.ActiveCfg = Debug|Any CPU
		{818E463A-D914-4029-ABBF-EB839C73674D}.Debug|Any CPU.Build.0 = Debug|Any CPU
		{818E463A-D914-4029-ABBF-EB839C73674D}.Release|Any CPU.ActiveCfg = Release|Any CPU
		{818E463A-D914-4029-ABBF-EB839C73674D}.Release|Any CPU.Build.0 = Release|Any CPU
	EndGlobalSection
	GlobalSection(SolutionProperties) = preSolution
		HideSolutionNode = FALSE
	EndGlobalSection
	GlobalSection(ExtensibilityGlobals) = postSolution
		SolutionGuid = {22727E7A-69C1-44E5-824E-F08D2132651C}
	EndGlobalSection
EndGlobal
